<?xml version="1.0" encoding="utf-8"?>
<Project ToolsVersion="4.0" xmlns="http://schemas.microsoft.com/developer/msbuild/2003">
  <ItemGroup>
    <Filter Include="Source Files">
      <UniqueIdentifier>{4FC737F1-C7A5-4376-A066-2A32D752A2FF}</UniqueIdentifier>
      <Extensions>cpp;c;cc;cxx;c++;cppm;ixx;def;odl;idl;hpj;bat;asm;asmx</Extensions>
    </Filter>
    <Filter Include="Header Files">
      <UniqueIdentifier>{93995380-89BD-4b04-88EB-625FBE52EBFB}</UniqueIdentifier>
      <Extensions>h;hh;hpp;hxx;h++;hm;inl;inc;ipp;xsd</Extensions>
    </Filter>
    <Filter Include="Resource Files">
      <UniqueIdentifier>{67DA6AB6-F800-4c08-8B7A-83BB121AAD01}</UniqueIdentifier>
      <Extensions>rc;ico;cur;bmp;dlg;rc2;rct;bin;rgs;gif;jpg;jpeg;jpe;resx;tiff;tif;png;wav;mfcribbon-ms</Extensions>
    </Filter>
    <Filter Include="Resource Files\UI Data">
      <UniqueIdentifier>{f045e756-4eed-4267-a44b-40961dfbfaaa}</UniqueIdentifier>
    </Filter>
    <Filter Include="Resource Files\Maps">
      <UniqueIdentifier>{fe416540-0d38-44c9-93fe-71f9f343c6b6}</UniqueIdentifier>
    </Filter>
    <Filter Include="Resource Files\Maps\Metadata">
      <UniqueIdentifier>{349134a8-b3ed-439f-9820-9194ddfd8333}</UniqueIdentifier>
    </Filter>
    <Filter Include="Resource Files\Maps\Tilemaps">
      <UniqueIdentifier>{80ff8909-4f07-49dc-bf74-27339c55ce73}</UniqueIdentifier>
    </Filter>
  </ItemGroup>
  <ItemGroup>
    <ClCompile Include="main.cpp">
      <Filter>Source Files</Filter>
    </ClCompile>
    <ClCompile Include="CustomGame.cpp">
      <Filter>Source Files</Filter>
    </ClCompile>
    <ClCompile Include="Actions.cpp">
      <Filter>Source Files</Filter>
    </ClCompile>
  </ItemGroup>
  <ItemGroup>
    <ClInclude Include="CustomGame.h">
      <Filter>Header Files</Filter>
    </ClInclude>
    <ClInclude Include="Actions.h">
      <Filter>Header Files</Filter>
    </ClInclude>
  </ItemGroup>
  <ItemGroup>
    <None Include="Data\UI data\0.json">
      <Filter>Resource Files\UI Data</Filter>
    </None>
    <None Include="Data\UI data\1.json">
      <Filter>Resource Files\UI Data</Filter>
    </None>
    <None Include="Data\metadata.json">
      <Filter>Resource Files</Filter>
    </None>
    <None Include="Data\Maps\Metadata\map_1_metadata.json">
      <Filter>Resource Files\Maps\Metadata</Filter>
    </None>
    <None Include="Data\Maps\Metadata\map_2_metadata .json">
      <Filter>Resource Files\Maps\Metadata</Filter>
    </None>
  </ItemGroup>
  <ItemGroup>
    <Text Include="Data\Maps\Tilemaps\map_1.txt">
      <Filter>Resource Files\Maps\Tilemaps</Filter>
    </Text>
    <Text Include="Data\Maps\Tilemaps\map_2.txt">
      <Filter>Resource Files\Maps\Tilemaps</Filter>
    </Text>
  </ItemGroup>
</Project>